
Microsoft Visual Studio Solution File, Format Version 12.00
# Visual Studio Version 17
VisualStudioVersion = 17.7.34009.444
MinimumVisualStudioVersion = 10.0.40219.1
Project("{FAE04EC0-301F-11D3-BF4B-00C04F79EFBC}") = "RMQ-WQ-Consumer", "RMQ-WQ-Consumer\RMQ-WQ-Consumer.csproj", "{6BFB8F85-CFAE-40BF-A0DC-A8EDA89A4C4E}"
EndProject
Global
	GlobalSection(SolutionConfigurationPlatforms) = preSolution
		Debug|Any CPU = Debug|Any CPU
		Release|Any CPU = Release|Any CPU
	EndGlobalSection
	GlobalSection(ProjectConfigurationPlatforms) = postSolution
		{6BFB8F85-CFAE-40BF-A0DC-A8EDA89A4C4E}.Debug|Any CPU.ActiveCfg = Debug|Any CPU
		{6BFB8F85-CFAE-40BF-A0DC-A8EDA89A4C4E}.Debug|Any CPU.Build.0 = Debug|Any CPU
		{6BFB8F85-CFAE-40BF-A0DC-A8EDA89A4C4E}.Release|Any CPU.ActiveCfg = Release|Any CPU
		{6BFB8F85-CFAE-40BF-A0DC-A8EDA89A4C4E}.Release|Any CPU.Build.0 = Release|Any CPU
	EndGlobalSection
	GlobalSection(SolutionProperties) = preSolution
		HideSolutionNode = FALSE
	EndGlobalSection
	GlobalSection(ExtensibilityGlobals) = postSolution
		SolutionGuid = {CEC2217E-57C3-4C8C-888F-3CC82DEC28F4}
	EndGlobalSection
EndGlobal
