
Microsoft Visual Studio Solution File, Format Version 12.00
# Visual Studio Version 17
VisualStudioVersion = 17.7.34009.444
MinimumVisualStudioVersion = 10.0.40219.1
Project("{FAE04EC0-301F-11D3-BF4B-00C04F79EFBC}") = "RMQ-PUB-SUB-Consumer", "RMQ-PUB-SUB-Consumer\RMQ-PUB-SUB-Consumer.csproj", "{D7AC3C9C-8BFF-47A9-BBAD-A2A68D6CEB6D}"
EndProject
Global
	GlobalSection(SolutionConfigurationPlatforms) = preSolution
		Debug|Any CPU = Debug|Any CPU
		Release|Any CPU = Release|Any CPU
	EndGlobalSection
	GlobalSection(ProjectConfigurationPlatforms) = postSolution
		{D7AC3C9C-8BFF-47A9-BBAD-A2A68D6CEB6D}.Debug|Any CPU.ActiveCfg = Debug|Any CPU
		{D7AC3C9C-8BFF-47A9-BBAD-A2A68D6CEB6D}.Debug|Any CPU.Build.0 = Debug|Any CPU
		{D7AC3C9C-8BFF-47A9-BBAD-A2A68D6CEB6D}.Release|Any CPU.ActiveCfg = Release|Any CPU
		{D7AC3C9C-8BFF-47A9-BBAD-A2A68D6CEB6D}.Release|Any CPU.Build.0 = Release|Any CPU
	EndGlobalSection
	GlobalSection(SolutionProperties) = preSolution
		HideSolutionNode = FALSE
	EndGlobalSection
	GlobalSection(ExtensibilityGlobals) = postSolution
		SolutionGuid = {1C06DFC7-D05B-46A3-983F-9BE42FC32ACB}
	EndGlobalSection
EndGlobal
