
Microsoft Visual Studio Solution File, Format Version 12.00
# Visual Studio Version 17
VisualStudioVersion = 17.7.34009.444
MinimumVisualStudioVersion = 10.0.40219.1
Project("{FAE04EC0-301F-11D3-BF4B-00C04F79EFBC}") = "RabbitMQ_Consumer_Tutorial", "RabbitMQ_Consumer_Tutorial\RabbitMQ_Consumer_Tutorial.csproj", "{6FA48168-DB7F-4F03-AD19-02923421EF70}"
EndProject
Global
	GlobalSection(SolutionConfigurationPlatforms) = preSolution
		Debug|Any CPU = Debug|Any CPU
		Release|Any CPU = Release|Any CPU
	EndGlobalSection
	GlobalSection(ProjectConfigurationPlatforms) = postSolution
		{6FA48168-DB7F-4F03-AD19-02923421EF70}.Debug|Any CPU.ActiveCfg = Debug|Any CPU
		{6FA48168-DB7F-4F03-AD19-02923421EF70}.Debug|Any CPU.Build.0 = Debug|Any CPU
		{6FA48168-DB7F-4F03-AD19-02923421EF70}.Release|Any CPU.ActiveCfg = Release|Any CPU
		{6FA48168-DB7F-4F03-AD19-02923421EF70}.Release|Any CPU.Build.0 = Release|Any CPU
	EndGlobalSection
	GlobalSection(SolutionProperties) = preSolution
		HideSolutionNode = FALSE
	EndGlobalSection
	GlobalSection(ExtensibilityGlobals) = postSolution
		SolutionGuid = {061295B6-F0AE-46AB-848F-87687C50B935}
	EndGlobalSection
EndGlobal
