
Microsoft Visual Studio Solution File, Format Version 12.00
# Visual Studio Version 17
VisualStudioVersion = 17.7.34009.444
MinimumVisualStudioVersion = 10.0.40219.1
Project("{FAE04EC0-301F-11D3-BF4B-00C04F79EFBC}") = "RMQ-REQ-RES-Publisher(consumer)", "RMQ-REQ-RES-Publisher(consumer)\RMQ-REQ-RES-Publisher(consumer).csproj", "{F7A989EE-D63D-4EAF-8623-25A27D350241}"
EndProject
Global
	GlobalSection(SolutionConfigurationPlatforms) = preSolution
		Debug|Any CPU = Debug|Any CPU
		Release|Any CPU = Release|Any CPU
	EndGlobalSection
	GlobalSection(ProjectConfigurationPlatforms) = postSolution
		{F7A989EE-D63D-4EAF-8623-25A27D350241}.Debug|Any CPU.ActiveCfg = Debug|Any CPU
		{F7A989EE-D63D-4EAF-8623-25A27D350241}.Debug|Any CPU.Build.0 = Debug|Any CPU
		{F7A989EE-D63D-4EAF-8623-25A27D350241}.Release|Any CPU.ActiveCfg = Release|Any CPU
		{F7A989EE-D63D-4EAF-8623-25A27D350241}.Release|Any CPU.Build.0 = Release|Any CPU
	EndGlobalSection
	GlobalSection(SolutionProperties) = preSolution
		HideSolutionNode = FALSE
	EndGlobalSection
	GlobalSection(ExtensibilityGlobals) = postSolution
		SolutionGuid = {A4ED6D40-D6F4-40F6-B8B3-ED715DF4C21A}
	EndGlobalSection
EndGlobal
