
Microsoft Visual Studio Solution File, Format Version 12.00
# Visual Studio Version 17
VisualStudioVersion = 17.7.34009.444
MinimumVisualStudioVersion = 10.0.40219.1
Project("{FAE04EC0-301F-11D3-BF4B-00C04F79EFBC}") = "RMQ-P2P-Consumer", "RMQ-P2P-Consumer\RMQ-P2P-Consumer.csproj", "{A5F27B80-70EA-4DEC-8805-D501B4DFA065}"
EndProject
Global
	GlobalSection(SolutionConfigurationPlatforms) = preSolution
		Debug|Any CPU = Debug|Any CPU
		Release|Any CPU = Release|Any CPU
	EndGlobalSection
	GlobalSection(ProjectConfigurationPlatforms) = postSolution
		{A5F27B80-70EA-4DEC-8805-D501B4DFA065}.Debug|Any CPU.ActiveCfg = Debug|Any CPU
		{A5F27B80-70EA-4DEC-8805-D501B4DFA065}.Debug|Any CPU.Build.0 = Debug|Any CPU
		{A5F27B80-70EA-4DEC-8805-D501B4DFA065}.Release|Any CPU.ActiveCfg = Release|Any CPU
		{A5F27B80-70EA-4DEC-8805-D501B4DFA065}.Release|Any CPU.Build.0 = Release|Any CPU
	EndGlobalSection
	GlobalSection(SolutionProperties) = preSolution
		HideSolutionNode = FALSE
	EndGlobalSection
	GlobalSection(ExtensibilityGlobals) = postSolution
		SolutionGuid = {A8876C31-ABA2-427A-99FA-C3D98AE3936B}
	EndGlobalSection
EndGlobal
