
Microsoft Visual Studio Solution File, Format Version 12.00
# Visual Studio Version 17
VisualStudioVersion = 17.7.34009.444
MinimumVisualStudioVersion = 10.0.40219.1
Project("{FAE04EC0-301F-11D3-BF4B-00C04F79EFBC}") = "RabbitMQ_Publisher_Tutorial", "RabbitMQ_Publisher_Tutorial\RabbitMQ_Publisher_Tutorial.csproj", "{005CB469-1B2D-46AA-9604-890E6BA7E075}"
EndProject
Global
	GlobalSection(SolutionConfigurationPlatforms) = preSolution
		Debug|Any CPU = Debug|Any CPU
		Release|Any CPU = Release|Any CPU
	EndGlobalSection
	GlobalSection(ProjectConfigurationPlatforms) = postSolution
		{005CB469-1B2D-46AA-9604-890E6BA7E075}.Debug|Any CPU.ActiveCfg = Debug|Any CPU
		{005CB469-1B2D-46AA-9604-890E6BA7E075}.Debug|Any CPU.Build.0 = Debug|Any CPU
		{005CB469-1B2D-46AA-9604-890E6BA7E075}.Release|Any CPU.ActiveCfg = Release|Any CPU
		{005CB469-1B2D-46AA-9604-890E6BA7E075}.Release|Any CPU.Build.0 = Release|Any CPU
	EndGlobalSection
	GlobalSection(SolutionProperties) = preSolution
		HideSolutionNode = FALSE
	EndGlobalSection
	GlobalSection(ExtensibilityGlobals) = postSolution
		SolutionGuid = {6A5F9D06-704D-4AA5-AD37-F3299ED03878}
	EndGlobalSection
EndGlobal
